// !$*UTF8*$!
{
	archiveVersion = 1;
	classes = {
	};
	objectVersion = 56;
	objects = {

/* Begin PBXBuildFile section */
		1399FC0F29CD3F4A003AF5AC /* PucpMovilFrontEndApp.swift in Sources */ = {isa = PBXBuildFile; fileRef = 1399FC0E29CD3F4A003AF5AC /* PucpMovilFrontEndApp.swift */; };
		1399FC1329CD3F4B003AF5AC /* Assets.xcassets in Resources */ = {isa = PBXBuildFile; fileRef = 1399FC1229CD3F4B003AF5AC /* Assets.xcassets */; };
		1399FC1629CD3F4B003AF5AC /* Preview Assets.xcassets in Resources */ = {isa = PBXBuildFile; fileRef = 1399FC1529CD3F4B003AF5AC /* Preview Assets.xcassets */; };
		1399FC1D29CD3FB4003AF5AC /* HomeView.swift in Sources */ = {isa = PBXBuildFile; fileRef = 1399FC1C29CD3FB4003AF5AC /* HomeView.swift */; };
		1399FC2029CD44EE003AF5AC /* HorarioView.swift in Sources */ = {isa = PBXBuildFile; fileRef = 1399FC1F29CD44EE003AF5AC /* HorarioView.swift */; };
		1399FC2229CD5867003AF5AC /* HorarioRowView.swift in Sources */ = {isa = PBXBuildFile; fileRef = 1399FC2129CD5867003AF5AC /* HorarioRowView.swift */; };
		1399FC2429D00CDF003AF5AC /* CursosView.swift in Sources */ = {isa = PBXBuildFile; fileRef = 1399FC2329D00CDF003AF5AC /* CursosView.swift */; };
		1399FC2629D00F18003AF5AC /* PagosView.swift in Sources */ = {isa = PBXBuildFile; fileRef = 1399FC2529D00F18003AF5AC /* PagosView.swift */; };
		1399FC2829D012B5003AF5AC /* PerfilView.swift in Sources */ = {isa = PBXBuildFile; fileRef = 1399FC2729D012B5003AF5AC /* PerfilView.swift */; };
		1399FC2A29D01B32003AF5AC /* ConfigView.swift in Sources */ = {isa = PBXBuildFile; fileRef = 1399FC2929D01B32003AF5AC /* ConfigView.swift */; };
		1399FC2C29D01E64003AF5AC /* LaunchScreenStep.swift in Sources */ = {isa = PBXBuildFile; fileRef = 1399FC2B29D01E64003AF5AC /* LaunchScreenStep.swift */; };
		1399FC2E29D01E90003AF5AC /* LaunchScreenStateManager.swift in Sources */ = {isa = PBXBuildFile; fileRef = 1399FC2D29D01E90003AF5AC /* LaunchScreenStateManager.swift */; };
		1399FC3329D01F0B003AF5AC /* LaunchScreenView.swift in Sources */ = {isa = PBXBuildFile; fileRef = 1399FC3229D01F0B003AF5AC /* LaunchScreenView.swift */; };
		1399FC3529D021F1003AF5AC /* Color.swift in Sources */ = {isa = PBXBuildFile; fileRef = 1399FC3429D021F1003AF5AC /* Color.swift */; };
/* End PBXBuildFile section */

/* Begin PBXFileReference section */
		1399FC0B29CD3F4A003AF5AC /* PucpMovilFrontEnd.app */ = {isa = PBXFileReference; explicitFileType = wrapper.application; includeInIndex = 0; path = PucpMovilFrontEnd.app; sourceTree = BUILT_PRODUCTS_DIR; };
		1399FC0E29CD3F4A003AF5AC /* PucpMovilFrontEndApp.swift */ = {isa = PBXFileReference; lastKnownFileType = sourcecode.swift; path = PucpMovilFrontEndApp.swift; sourceTree = "<group>"; };
		1399FC1229CD3F4B003AF5AC /* Assets.xcassets */ = {isa = PBXFileReference; lastKnownFileType = folder.assetcatalog; path = Assets.xcassets; sourceTree = "<group>"; };
		1399FC1529CD3F4B003AF5AC /* Preview Assets.xcassets */ = {isa = PBXFileReference; lastKnownFileType = folder.assetcatalog; path = "Preview Assets.xcassets"; sourceTree = "<group>"; };
		1399FC1C29CD3FB4003AF5AC /* HomeView.swift */ = {isa = PBXFileReference; lastKnownFileType = sourcecode.swift; path = HomeView.swift; sourceTree = "<group>"; };
		1399FC1F29CD44EE003AF5AC /* HorarioView.swift */ = {isa = PBXFileReference; lastKnownFileType = sourcecode.swift; path = HorarioView.swift; sourceTree = "<group>"; };
		1399FC2129CD5867003AF5AC /* HorarioRowView.swift */ = {isa = PBXFileReference; lastKnownFileType = sourcecode.swift; path = HorarioRowView.swift; sourceTree = "<group>"; };
		1399FC2329D00CDF003AF5AC /* CursosView.swift */ = {isa = PBXFileReference; lastKnownFileType = sourcecode.swift; path = CursosView.swift; sourceTree = "<group>"; };
		1399FC2529D00F18003AF5AC /* PagosView.swift */ = {isa = PBXFileReference; lastKnownFileType = sourcecode.swift; path = PagosView.swift; sourceTree = "<group>"; };
		1399FC2729D012B5003AF5AC /* PerfilView.swift */ = {isa = PBXFileReference; lastKnownFileType = sourcecode.swift; path = PerfilView.swift; sourceTree = "<group>"; };
		1399FC2929D01B32003AF5AC /* ConfigView.swift */ = {isa = PBXFileReference; lastKnownFileType = sourcecode.swift; path = ConfigView.swift; sourceTree = "<group>"; };
		1399FC2B29D01E64003AF5AC /* LaunchScreenStep.swift */ = {isa = PBXFileReference; lastKnownFileType = sourcecode.swift; path = LaunchScreenStep.swift; sourceTree = "<group>"; };
		1399FC2D29D01E90003AF5AC /* LaunchScreenStateManager.swift */ = {isa = PBXFileReference; lastKnownFileType = sourcecode.swift; path = LaunchScreenStateManager.swift; sourceTree = "<group>"; };
		1399FC3229D01F0B003AF5AC /* LaunchScreenView.swift */ = {isa = PBXFileReference; lastKnownFileType = sourcecode.swift; path = LaunchScreenView.swift; sourceTree = "<group>"; };
		1399FC3429D021F1003AF5AC /* Color.swift */ = {isa = PBXFileReference; lastKnownFileType = sourcecode.swift; path = Color.swift; sourceTree = "<group>"; };
/* End PBXFileReference section */

/* Begin PBXFrameworksBuildPhase section */
		1399FC0829CD3F4A003AF5AC /* Frameworks */ = {
			isa = PBXFrameworksBuildPhase;
			buildActionMask = 2147483647;
			files = (
			);
			runOnlyForDeploymentPostprocessing = 0;
		};
/* End PBXFrameworksBuildPhase section */

/* Begin PBXGroup section */
		1399FC0229CD3F4A003AF5AC = {
			isa = PBXGroup;
			children = (
				1399FC0D29CD3F4A003AF5AC /* PucpMovilFrontEnd */,
				1399FC0C29CD3F4A003AF5AC /* Products */,
			);
			sourceTree = "<group>";
		};
		1399FC0C29CD3F4A003AF5AC /* Products */ = {
			isa = PBXGroup;
			children = (
				1399FC0B29CD3F4A003AF5AC /* PucpMovilFrontEnd.app */,
			);
			name = Products;
			sourceTree = "<group>";
		};
		1399FC0D29CD3F4A003AF5AC /* PucpMovilFrontEnd */ = {
			isa = PBXGroup;
			children = (
				1399FC0E29CD3F4A003AF5AC /* PucpMovilFrontEndApp.swift */,
				1399FC2F29D01EC7003AF5AC /* LaunchScreen */,
				1399FC1E29CD44A3003AF5AC /* Views */,
				1399FC1229CD3F4B003AF5AC /* Assets.xcassets */,
				1399FC1429CD3F4B003AF5AC /* Preview Content */,
				1399FC3429D021F1003AF5AC /* Color.swift */,
			);
			path = PucpMovilFrontEnd;
			sourceTree = "<group>";
		};
		1399FC1429CD3F4B003AF5AC /* Preview Content */ = {
			isa = PBXGroup;
			children = (
				1399FC1529CD3F4B003AF5AC /* Preview Assets.xcassets */,
			);
			path = "Preview Content";
			sourceTree = "<group>";
		};
		1399FC1E29CD44A3003AF5AC /* Views */ = {
			isa = PBXGroup;
			children = (
				1399FC1C29CD3FB4003AF5AC /* HomeView.swift */,
				1399FC1F29CD44EE003AF5AC /* HorarioView.swift */,
				1399FC2129CD5867003AF5AC /* HorarioRowView.swift */,
				1399FC2329D00CDF003AF5AC /* CursosView.swift */,
				1399FC2529D00F18003AF5AC /* PagosView.swift */,
				1399FC2729D012B5003AF5AC /* PerfilView.swift */,
				1399FC2929D01B32003AF5AC /* ConfigView.swift */,
			);
			path = Views;
			sourceTree = "<group>";
		};
		1399FC2F29D01EC7003AF5AC /* LaunchScreen */ = {
			isa = PBXGroup;
			children = (
				1399FC2B29D01E64003AF5AC /* LaunchScreenStep.swift */,
				1399FC2D29D01E90003AF5AC /* LaunchScreenStateManager.swift */,
				1399FC3229D01F0B003AF5AC /* LaunchScreenView.swift */,
			);
			path = LaunchScreen;
			sourceTree = "<group>";
		};
/* End PBXGroup section */

/* Begin PBXNativeTarget section */
		1399FC0A29CD3F4A003AF5AC /* PucpMovilFrontEnd */ = {
			isa = PBXNativeTarget;
			buildConfigurationList = 1399FC1929CD3F4B003AF5AC /* Build configuration list for PBXNativeTarget "PucpMovilFrontEnd" */;
			buildPhases = (
				1399FC0729CD3F4A003AF5AC /* Sources */,
				1399FC0829CD3F4A003AF5AC /* Frameworks */,
				1399FC0929CD3F4A003AF5AC /* Resources */,
			);
			buildRules = (
			);
			dependencies = (
			);
			name = PucpMovilFrontEnd;
			productName = PucpMovilFrontEnd;
			productReference = 1399FC0B29CD3F4A003AF5AC /* PucpMovilFrontEnd.app */;
			productType = "com.apple.product-type.application";
		};
/* End PBXNativeTarget section */

/* Begin PBXProject section */
		1399FC0329CD3F4A003AF5AC /* Project object */ = {
			isa = PBXProject;
			attributes = {
				BuildIndependentTargetsInParallel = 1;
				LastSwiftUpdateCheck = 1420;
				LastUpgradeCheck = 1420;
				TargetAttributes = {
					1399FC0A29CD3F4A003AF5AC = {
						CreatedOnToolsVersion = 14.2;
					};
				};
			};
			buildConfigurationList = 1399FC0629CD3F4A003AF5AC /* Build configuration list for PBXProject "PucpMovilFrontEnd" */;
			compatibilityVersion = "Xcode 14.0";
			developmentRegion = en;
			hasScannedForEncodings = 0;
			knownRegions = (
				en,
				Base,
			);
			mainGroup = 1399FC0229CD3F4A003AF5AC;
			productRefGroup = 1399FC0C29CD3F4A003AF5AC /* Products */;
			projectDirPath = "";
			projectRoot = "";
			targets = (
				1399FC0A29CD3F4A003AF5AC /* PucpMovilFrontEnd */,
			);
		};
/* End PBXProject section */

/* Begin PBXResourcesBuildPhase section */
		1399FC0929CD3F4A003AF5AC /* Resources */ = {
			isa = PBXResourcesBuildPhase;
			buildActionMask = 2147483647;
			files = (
				1399FC1629CD3F4B003AF5AC /* Preview Assets.xcassets in Resources */,
				1399FC1329CD3F4B003AF5AC /* Assets.xcassets in Resources */,
			);
			runOnlyForDeploymentPostprocessing = 0;
		};
/* End PBXResourcesBuildPhase section */

/* Begin PBXSourcesBuildPhase section */
		1399FC0729CD3F4A003AF5AC /* Sources */ = {
			isa = PBXSourcesBuildPhase;
			buildActionMask = 2147483647;
			files = (
				1399FC2C29D01E64003AF5AC /* LaunchScreenStep.swift in Sources */,
				1399FC1D29CD3FB4003AF5AC /* HomeView.swift in Sources */,
				1399FC2E29D01E90003AF5AC /* LaunchScreenStateManager.swift in Sources */,
				1399FC2829D012B5003AF5AC /* PerfilView.swift in Sources */,
				1399FC0F29CD3F4A003AF5AC /* PucpMovilFrontEndApp.swift in Sources */,
				1399FC3529D021F1003AF5AC /* Color.swift in Sources */,
				1399FC2229CD5867003AF5AC /* HorarioRowView.swift in Sources */,
				1399FC2A29D01B32003AF5AC /* ConfigView.swift in Sources */,
				1399FC2629D00F18003AF5AC /* PagosView.swift in Sources */,
				1399FC3329D01F0B003AF5AC /* LaunchScreenView.swift in Sources */,
				1399FC2429D00CDF003AF5AC /* CursosView.swift in Sources */,
				1399FC2029CD44EE003AF5AC /* HorarioView.swift in Sources */,
			);
			runOnlyForDeploymentPostprocessing = 0;
		};
/* End PBXSourcesBuildPhase section */

/* Begin XCBuildConfiguration section */
		1399FC1729CD3F4B003AF5AC /* Debug */ = {
			isa = XCBuildConfiguration;
			buildSettings = {
				ALWAYS_SEARCH_USER_PATHS = NO;
				CLANG_ANALYZER_NONNULL = YES;
				CLANG_ANALYZER_NUMBER_OBJECT_CONVERSION = YES_AGGRESSIVE;
				CLANG_CXX_LANGUAGE_STANDARD = "gnu++20";
				CLANG_ENABLE_MODULES = YES;
				CLANG_ENABLE_OBJC_ARC = YES;
				CLANG_ENABLE_OBJC_WEAK = YES;
				CLANG_WARN_BLOCK_CAPTURE_AUTORELEASING = YES;
				CLANG_WARN_BOOL_CONVERSION = YES;
				CLANG_WARN_COMMA = YES;
				CLANG_WARN_CONSTANT_CONVERSION = YES;
				CLANG_WARN_DEPRECATED_OBJC_IMPLEMENTATIONS = YES;
				CLANG_WARN_DIRECT_OBJC_ISA_USAGE = YES_ERROR;
				CLANG_WARN_DOCUMENTATION_COMMENTS = YES;
				CLANG_WARN_EMPTY_BODY = YES;
				CLANG_WARN_ENUM_CONVERSION = YES;
				CLANG_WARN_INFINITE_RECURSION = YES;
				CLANG_WARN_INT_CONVERSION = YES;
				CLANG_WARN_NON_LITERAL_NULL_CONVERSION = YES;
				CLANG_WARN_OBJC_IMPLICIT_RETAIN_SELF = YES;
				CLANG_WARN_OBJC_LITERAL_CONVERSION = YES;
				CLANG_WARN_OBJC_ROOT_CLASS = YES_ERROR;
				CLANG_WARN_QUOTED_INCLUDE_IN_FRAMEWORK_HEADER = YES;
				CLANG_WARN_RANGE_LOOP_ANALYSIS = YES;
				CLANG_WARN_STRICT_PROTOTYPES = YES;
				CLANG_WARN_SUSPICIOUS_MOVE = YES;
				CLANG_WARN_UNGUARDED_AVAILABILITY = YES_AGGRESSIVE;
				CLANG_WARN_UNREACHABLE_CODE = YES;
				CLANG_WARN__DUPLICATE_METHOD_MATCH = YES;
				COPY_PHASE_STRIP = NO;
				DEBUG_INFORMATION_FORMAT = dwarf;
				ENABLE_STRICT_OBJC_MSGSEND = YES;
				ENABLE_TESTABILITY = YES;
				GCC_C_LANGUAGE_STANDARD = gnu11;
				GCC_DYNAMIC_NO_PIC = NO;
				GCC_NO_COMMON_BLOCKS = YES;
				GCC_OPTIMIZATION_LEVEL = 0;
				GCC_PREPROCESSOR_DEFINITIONS = (
					"DEBUG=1",
					"$(inherited)",
				);
				GCC_WARN_64_TO_32_BIT_CONVERSION = YES;
				GCC_WARN_ABOUT_RETURN_TYPE = YES_ERROR;
				GCC_WARN_UNDECLARED_SELECTOR = YES;
				GCC_WARN_UNINITIALIZED_AUTOS = YES_AGGRESSIVE;
				GCC_WARN_UNUSED_FUNCTION = YES;
				GCC_WARN_UNUSED_VARIABLE = YES;
				IPHONEOS_DEPLOYMENT_TARGET = 16.2;
				MTL_ENABLE_DEBUG_INFO = INCLUDE_SOURCE;
				MTL_FAST_MATH = YES;
				ONLY_ACTIVE_ARCH = YES;
				SDKROOT = iphoneos;
				SWIFT_ACTIVE_COMPILATION_CONDITIONS = DEBUG;
				SWIFT_OPTIMIZATION_LEVEL = "-Onone";
			};
			name = Debug;
		};
		1399FC1829CD3F4B003AF5AC /* Release */ = {
			isa = XCBuildConfiguration;
			buildSettings = {
				ALWAYS_SEARCH_USER_PATHS = NO;
				CLANG_ANALYZER_NONNULL = YES;
				CLANG_ANALYZER_NUMBER_OBJECT_CONVERSION = YES_AGGRESSIVE;
				CLANG_CXX_LANGUAGE_STANDARD = "gnu++20";
				CLANG_ENABLE_MODULES = YES;
				CLANG_ENABLE_OBJC_ARC = YES;
				CLANG_ENABLE_OBJC_WEAK = YES;
				CLANG_WARN_BLOCK_CAPTURE_AUTORELEASING = YES;
				CLANG_WARN_BOOL_CONVERSION = YES;
				CLANG_WARN_COMMA = YES;
				CLANG_WARN_CONSTANT_CONVERSION = YES;
				CLANG_WARN_DEPRECATED_OBJC_IMPLEMENTATIONS = YES;
				CLANG_WARN_DIRECT_OBJC_ISA_USAGE = YES_ERROR;
				CLANG_WARN_DOCUMENTATION_COMMENTS = YES;
				CLANG_WARN_EMPTY_BODY = YES;
				CLANG_WARN_ENUM_CONVERSION = YES;
				CLANG_WARN_INFINITE_RECURSION = YES;
				CLANG_WARN_INT_CONVERSION = YES;
				CLANG_WARN_NON_LITERAL_NULL_CONVERSION = YES;
				CLANG_WARN_OBJC_IMPLICIT_RETAIN_SELF = YES;
				CLANG_WARN_OBJC_LITERAL_CONVERSION = YES;
				CLANG_WARN_OBJC_ROOT_CLASS = YES_ERROR;
				CLANG_WARN_QUOTED_INCLUDE_IN_FRAMEWORK_HEADER = YES;
				CLANG_WARN_RANGE_LOOP_ANALYSIS = YES;
				CLANG_WARN_STRICT_PROTOTYPES = YES;
				CLANG_WARN_SUSPICIOUS_MOVE = YES;
				CLANG_WARN_UNGUARDED_AVAILABILITY = YES_AGGRESSIVE;
				CLANG_WARN_UNREACHABLE_CODE = YES;
				CLANG_WARN__DUPLICATE_METHOD_MATCH = YES;
				COPY_PHASE_STRIP = NO;
				DEBUG_INFORMATION_FORMAT = "dwarf-with-dsym";
				ENABLE_NS_ASSERTIONS = NO;
				ENABLE_STRICT_OBJC_MSGSEND = YES;
				GCC_C_LANGUAGE_STANDARD = gnu11;
				GCC_NO_COMMON_BLOCKS = YES;
				GCC_WARN_64_TO_32_BIT_CONVERSION = YES;
				GCC_WARN_ABOUT_RETURN_TYPE = YES_ERROR;
				GCC_WARN_UNDECLARED_SELECTOR = YES;
				GCC_WARN_UNINITIALIZED_AUTOS = YES_AGGRESSIVE;
				GCC_WARN_UNUSED_FUNCTION = YES;
				GCC_WARN_UNUSED_VARIABLE = YES;
				IPHONEOS_DEPLOYMENT_TARGET = 16.2;
				MTL_ENABLE_DEBUG_INFO = NO;
				MTL_FAST_MATH = YES;
				SDKROOT = iphoneos;
				SWIFT_COMPILATION_MODE = wholemodule;
				SWIFT_OPTIMIZATION_LEVEL = "-O";
				VALIDATE_PRODUCT = YES;
			};
			name = Release;
		};
		1399FC1A29CD3F4B003AF5AC /* Debug */ = {
			isa = XCBuildConfiguration;
			buildSettings = {
				ASSETCATALOG_COMPILER_APPICON_NAME = AppIcon;
				ASSETCATALOG_COMPILER_GLOBAL_ACCENT_COLOR_NAME = AccentColor;
				CODE_SIGN_STYLE = Automatic;
				CURRENT_PROJECT_VERSION = 1;
				DEVELOPMENT_ASSET_PATHS = "\"PucpMovilFrontEnd/Preview Content\"";
				DEVELOPMENT_TEAM = Y8NYA4T739;
				ENABLE_PREVIEWS = YES;
				GENERATE_INFOPLIST_FILE = YES;
				INFOPLIST_KEY_CFBundleDisplayName = "PucpMóvil";
				INFOPLIST_KEY_LSApplicationCategoryType = "public.app-category.education";
				INFOPLIST_KEY_UIApplicationSceneManifest_Generation = YES;
				INFOPLIST_KEY_UIApplicationSupportsIndirectInputEvents = YES;
				INFOPLIST_KEY_UILaunchScreen_Generation = YES;
				INFOPLIST_KEY_UISupportedInterfaceOrientations = UIInterfaceOrientationPortrait;
				INFOPLIST_KEY_UISupportedInterfaceOrientations_iPad = "UIInterfaceOrientationLandscapeLeft UIInterfaceOrientationLandscapeRight UIInterfaceOrientationPortrait UIInterfaceOrientationPortraitUpsideDown";
				IPHONEOS_DEPLOYMENT_TARGET = 16.0;
				LD_RUNPATH_SEARCH_PATHS = (
					"$(inherited)",
					"@executable_path/Frameworks",
				);
				MARKETING_VERSION = 1.0;
				PRODUCT_BUNDLE_IDENTIFIER = com.Rojisoso.PucpMovilFrontEnd;
				PRODUCT_NAME = "$(TARGET_NAME)";
				SUPPORTED_PLATFORMS = "iphoneos iphonesimulator";
				SUPPORTS_MACCATALYST = NO;
				SUPPORTS_MAC_DESIGNED_FOR_IPHONE_IPAD = NO;
				SWIFT_EMIT_LOC_STRINGS = YES;
				SWIFT_VERSION = 5.0;
				TARGETED_DEVICE_FAMILY = 1;
			};
			name = Debug;
		};
		1399FC1B29CD3F4B003AF5AC /* Release */ = {
			isa = XCBuildConfiguration;
			buildSettings = {
				ASSETCATALOG_COMPILER_APPICON_NAME = AppIcon;
				ASSETCATALOG_COMPILER_GLOBAL_ACCENT_COLOR_NAME = AccentColor;
				CODE_SIGN_STYLE = Automatic;
				CURRENT_PROJECT_VERSION = 1;
				DEVELOPMENT_ASSET_PATHS = "\"PucpMovilFrontEnd/Preview Content\"";
				DEVELOPMENT_TEAM = Y8NYA4T739;
				ENABLE_PREVIEWS = YES;
				GENERATE_INFOPLIST_FILE = YES;
				INFOPLIST_KEY_CFBundleDisplayName = "PucpMóvil";
				INFOPLIST_KEY_LSApplicationCategoryType = "public.app-category.education";
				INFOPLIST_KEY_UIApplicationSceneManifest_Generation = YES;
				INFOPLIST_KEY_UIApplicationSupportsIndirectInputEvents = YES;
				INFOPLIST_KEY_UILaunchScreen_Generation = YES;
				INFOPLIST_KEY_UISupportedInterfaceOrientations = UIInterfaceOrientationPortrait;
				INFOPLIST_KEY_UISupportedInterfaceOrientations_iPad = "UIInterfaceOrientationLandscapeLeft UIInterfaceOrientationLandscapeRight UIInterfaceOrientationPortrait UIInterfaceOrientationPortraitUpsideDown";
				IPHONEOS_DEPLOYMENT_TARGET = 16.0;
				LD_RUNPATH_SEARCH_PATHS = (
					"$(inherited)",
					"@executable_path/Frameworks",
				);
				MARKETING_VERSION = 1.0;
				PRODUCT_BUNDLE_IDENTIFIER = com.Rojisoso.PucpMovilFrontEnd;
				PRODUCT_NAME = "$(TARGET_NAME)";
				SUPPORTED_PLATFORMS = "iphoneos iphonesimulator";
				SUPPORTS_MACCATALYST = NO;
				SUPPORTS_MAC_DESIGNED_FOR_IPHONE_IPAD = NO;
				SWIFT_EMIT_LOC_STRINGS = YES;
				SWIFT_VERSION = 5.0;
				TARGETED_DEVICE_FAMILY = 1;
			};
			name = Release;
		};
/* End XCBuildConfiguration section */

/* Begin XCConfigurationList section */
		1399FC0629CD3F4A003AF5AC /* Build configuration list for PBXProject "PucpMovilFrontEnd" */ = {
			isa = XCConfigurationList;
			buildConfigurations = (
				1399FC1729CD3F4B003AF5AC /* Debug */,
				1399FC1829CD3F4B003AF5AC /* Release */,
			);
			defaultConfigurationIsVisible = 0;
			defaultConfigurationName = Release;
		};
		1399FC1929CD3F4B003AF5AC /* Build configuration list for PBXNativeTarget "PucpMovilFrontEnd" */ = {
			isa = XCConfigurationList;
			buildConfigurations = (
				1399FC1A29CD3F4B003AF5AC /* Debug */,
				1399FC1B29CD3F4B003AF5AC /* Release */,
			);
			defaultConfigurationIsVisible = 0;
			defaultConfigurationName = Release;
		};
/* End XCConfigurationList section */
	};
	rootObject = 1399FC0329CD3F4A003AF5AC /* Project object */;
}
