
Microsoft Visual Studio Solution File, Format Version 12.00
# Visual Studio Version 17
VisualStudioVersion = 17.1.32328.378
MinimumVisualStudioVersion = 10.0.40219.1
Project("{8BC9CEB8-8B4A-11D0-8D11-00A0C91BC942}") = "ClinicaModel", "ClinicaModel.vcxproj", "{FB391266-3B68-48B8-865A-5282754AD5FB}"
EndProject
Project("{8BC9CEB8-8B4A-11D0-8D11-00A0C91BC942}") = "ClinicaController", "..\ClinicaController\ClinicaController.vcxproj", "{DB68998D-0A44-4089-BB03-88BDB38214C5}"
EndProject
Project("{8BC9CEB8-8B4A-11D0-8D11-00A0C91BC942}") = "ClinicaView", "..\ClinicaView\ClinicaView.vcxproj", "{E6F1F170-8510-4255-9270-7CA027FD63CB}"
EndProject
Global
	GlobalSection(SolutionConfigurationPlatforms) = preSolution
		Debug|x64 = Debug|x64
		Debug|x86 = Debug|x86
		Release|x64 = Release|x64
		Release|x86 = Release|x86
	EndGlobalSection
	GlobalSection(ProjectConfigurationPlatforms) = postSolution
		{FB391266-3B68-48B8-865A-5282754AD5FB}.Debug|x64.ActiveCfg = Debug|x64
		{FB391266-3B68-48B8-865A-5282754AD5FB}.Debug|x64.Build.0 = Debug|x64
		{FB391266-3B68-48B8-865A-5282754AD5FB}.Debug|x86.ActiveCfg = Debug|Win32
		{FB391266-3B68-48B8-865A-5282754AD5FB}.Debug|x86.Build.0 = Debug|Win32
		{FB391266-3B68-48B8-865A-5282754AD5FB}.Release|x64.ActiveCfg = Release|x64
		{FB391266-3B68-48B8-865A-5282754AD5FB}.Release|x64.Build.0 = Release|x64
		{FB391266-3B68-48B8-865A-5282754AD5FB}.Release|x86.ActiveCfg = Release|Win32
		{FB391266-3B68-48B8-865A-5282754AD5FB}.Release|x86.Build.0 = Release|Win32
		{DB68998D-0A44-4089-BB03-88BDB38214C5}.Debug|x64.ActiveCfg = Debug|x64
		{DB68998D-0A44-4089-BB03-88BDB38214C5}.Debug|x64.Build.0 = Debug|x64
		{DB68998D-0A44-4089-BB03-88BDB38214C5}.Debug|x86.ActiveCfg = Debug|Win32
		{DB68998D-0A44-4089-BB03-88BDB38214C5}.Debug|x86.Build.0 = Debug|Win32
		{DB68998D-0A44-4089-BB03-88BDB38214C5}.Release|x64.ActiveCfg = Release|x64
		{DB68998D-0A44-4089-BB03-88BDB38214C5}.Release|x64.Build.0 = Release|x64
		{DB68998D-0A44-4089-BB03-88BDB38214C5}.Release|x86.ActiveCfg = Release|Win32
		{DB68998D-0A44-4089-BB03-88BDB38214C5}.Release|x86.Build.0 = Release|Win32
		{E6F1F170-8510-4255-9270-7CA027FD63CB}.Debug|x64.ActiveCfg = Debug|x64
		{E6F1F170-8510-4255-9270-7CA027FD63CB}.Debug|x64.Build.0 = Debug|x64
		{E6F1F170-8510-4255-9270-7CA027FD63CB}.Debug|x86.ActiveCfg = Debug|Win32
		{E6F1F170-8510-4255-9270-7CA027FD63CB}.Debug|x86.Build.0 = Debug|Win32
		{E6F1F170-8510-4255-9270-7CA027FD63CB}.Release|x64.ActiveCfg = Release|x64
		{E6F1F170-8510-4255-9270-7CA027FD63CB}.Release|x64.Build.0 = Release|x64
		{E6F1F170-8510-4255-9270-7CA027FD63CB}.Release|x86.ActiveCfg = Release|Win32
		{E6F1F170-8510-4255-9270-7CA027FD63CB}.Release|x86.Build.0 = Release|Win32
	EndGlobalSection
	GlobalSection(SolutionProperties) = preSolution
		HideSolutionNode = FALSE
	EndGlobalSection
	GlobalSection(ExtensibilityGlobals) = postSolution
		SolutionGuid = {502F5554-E9C8-42A1-9EA2-A93F67F0B3D2}
	EndGlobalSection
EndGlobal
