// !$*UTF8*$!
{
	archiveVersion = 1;
	classes = {
	};
	objectVersion = 56;
	objects = {

/* Begin PBXBuildFile section */
		1355B13E297B764300D5D640 /* PasswordGeneratorApp.swift in Sources */ = {isa = PBXBuildFile; fileRef = 1355B13D297B764300D5D640 /* PasswordGeneratorApp.swift */; };
		1355B140297B764300D5D640 /* ContentView.swift in Sources */ = {isa = PBXBuildFile; fileRef = 1355B13F297B764300D5D640 /* ContentView.swift */; };
		1355B142297B764500D5D640 /* Assets.xcassets in Resources */ = {isa = PBXBuildFile; fileRef = 1355B141297B764500D5D640 /* Assets.xcassets */; };
		1355B145297B764500D5D640 /* Preview Assets.xcassets in Resources */ = {isa = PBXBuildFile; fileRef = 1355B144297B764500D5D640 /* Preview Assets.xcassets */; };
		1355B14C297B7F6600D5D640 /* GeneratePassword.swift in Sources */ = {isa = PBXBuildFile; fileRef = 1355B14B297B7F6600D5D640 /* GeneratePassword.swift */; };
		1355B150297B83BB00D5D640 /* PasswordView.swift in Sources */ = {isa = PBXBuildFile; fileRef = 1355B14F297B83BB00D5D640 /* PasswordView.swift */; };
		1355B155297B868F00D5D640 /* PasswordGenerator.xcdatamodeld in Sources */ = {isa = PBXBuildFile; fileRef = 1355B153297B868F00D5D640 /* PasswordGenerator.xcdatamodeld */; };
		1355B15A297B8BC000D5D640 /* Passwords.swift in Sources */ = {isa = PBXBuildFile; fileRef = 1355B159297B8BC000D5D640 /* Passwords.swift */; };
		1355B15C297B8D6E00D5D640 /* PasswordRowView.swift in Sources */ = {isa = PBXBuildFile; fileRef = 1355B15B297B8D6E00D5D640 /* PasswordRowView.swift */; };
		1355B160297B99F200D5D640 /* Persistence.swift in Sources */ = {isa = PBXBuildFile; fileRef = 1355B15F297B99F200D5D640 /* Persistence.swift */; };
/* End PBXBuildFile section */

/* Begin PBXFileReference section */
		1355B13A297B764300D5D640 /* PasswordGenerator.app */ = {isa = PBXFileReference; explicitFileType = wrapper.application; includeInIndex = 0; path = PasswordGenerator.app; sourceTree = BUILT_PRODUCTS_DIR; };
		1355B13D297B764300D5D640 /* PasswordGeneratorApp.swift */ = {isa = PBXFileReference; lastKnownFileType = sourcecode.swift; path = PasswordGeneratorApp.swift; sourceTree = "<group>"; };
		1355B13F297B764300D5D640 /* ContentView.swift */ = {isa = PBXFileReference; lastKnownFileType = sourcecode.swift; path = ContentView.swift; sourceTree = "<group>"; };
		1355B141297B764500D5D640 /* Assets.xcassets */ = {isa = PBXFileReference; lastKnownFileType = folder.assetcatalog; path = Assets.xcassets; sourceTree = "<group>"; };
		1355B144297B764500D5D640 /* Preview Assets.xcassets */ = {isa = PBXFileReference; lastKnownFileType = folder.assetcatalog; path = "Preview Assets.xcassets"; sourceTree = "<group>"; };
		1355B14B297B7F6600D5D640 /* GeneratePassword.swift */ = {isa = PBXFileReference; lastKnownFileType = sourcecode.swift; path = GeneratePassword.swift; sourceTree = "<group>"; };
		1355B14F297B83BB00D5D640 /* PasswordView.swift */ = {isa = PBXFileReference; lastKnownFileType = sourcecode.swift; path = PasswordView.swift; sourceTree = "<group>"; };
		1355B154297B868F00D5D640 /* PasswordData.xcdatamodel */ = {isa = PBXFileReference; lastKnownFileType = wrapper.xcdatamodel; path = PasswordData.xcdatamodel; sourceTree = "<group>"; };
		1355B159297B8BC000D5D640 /* Passwords.swift */ = {isa = PBXFileReference; lastKnownFileType = sourcecode.swift; path = Passwords.swift; sourceTree = "<group>"; };
		1355B15B297B8D6E00D5D640 /* PasswordRowView.swift */ = {isa = PBXFileReference; lastKnownFileType = sourcecode.swift; path = PasswordRowView.swift; sourceTree = "<group>"; };
		1355B15F297B99F200D5D640 /* Persistence.swift */ = {isa = PBXFileReference; lastKnownFileType = sourcecode.swift; path = Persistence.swift; sourceTree = "<group>"; };
/* End PBXFileReference section */

/* Begin PBXFrameworksBuildPhase section */
		1355B137297B764300D5D640 /* Frameworks */ = {
			isa = PBXFrameworksBuildPhase;
			buildActionMask = 2147483647;
			files = (
			);
			runOnlyForDeploymentPostprocessing = 0;
		};
/* End PBXFrameworksBuildPhase section */

/* Begin PBXGroup section */
		1355B131297B764300D5D640 = {
			isa = PBXGroup;
			children = (
				1355B13C297B764300D5D640 /* PasswordGenerator */,
				1355B13B297B764300D5D640 /* Products */,
			);
			sourceTree = "<group>";
		};
		1355B13B297B764300D5D640 /* Products */ = {
			isa = PBXGroup;
			children = (
				1355B13A297B764300D5D640 /* PasswordGenerator.app */,
			);
			name = Products;
			sourceTree = "<group>";
		};
		1355B13C297B764300D5D640 /* PasswordGenerator */ = {
			isa = PBXGroup;
			children = (
				1355B13D297B764300D5D640 /* PasswordGeneratorApp.swift */,
				1355B15F297B99F200D5D640 /* Persistence.swift */,
				1355B15E297B8EDB00D5D640 /* View */,
				1355B15D297B8ED000D5D640 /* Controller */,
				1355B158297B8BAE00D5D640 /* Model */,
				1355B141297B764500D5D640 /* Assets.xcassets */,
				1355B143297B764500D5D640 /* Preview Content */,
				1355B153297B868F00D5D640 /* PasswordGenerator.xcdatamodeld */,
			);
			path = PasswordGenerator;
			sourceTree = "<group>";
		};
		1355B143297B764500D5D640 /* Preview Content */ = {
			isa = PBXGroup;
			children = (
				1355B144297B764500D5D640 /* Preview Assets.xcassets */,
			);
			path = "Preview Content";
			sourceTree = "<group>";
		};
		1355B158297B8BAE00D5D640 /* Model */ = {
			isa = PBXGroup;
			children = (
				1355B159297B8BC000D5D640 /* Passwords.swift */,
			);
			path = Model;
			sourceTree = "<group>";
		};
		1355B15D297B8ED000D5D640 /* Controller */ = {
			isa = PBXGroup;
			children = (
				1355B14B297B7F6600D5D640 /* GeneratePassword.swift */,
			);
			path = Controller;
			sourceTree = "<group>";
		};
		1355B15E297B8EDB00D5D640 /* View */ = {
			isa = PBXGroup;
			children = (
				1355B15B297B8D6E00D5D640 /* PasswordRowView.swift */,
				1355B14F297B83BB00D5D640 /* PasswordView.swift */,
				1355B13F297B764300D5D640 /* ContentView.swift */,
			);
			path = View;
			sourceTree = "<group>";
		};
/* End PBXGroup section */

/* Begin PBXNativeTarget section */
		1355B139297B764300D5D640 /* PasswordGenerator */ = {
			isa = PBXNativeTarget;
			buildConfigurationList = 1355B148297B764500D5D640 /* Build configuration list for PBXNativeTarget "PasswordGenerator" */;
			buildPhases = (
				1355B136297B764300D5D640 /* Sources */,
				1355B137297B764300D5D640 /* Frameworks */,
				1355B138297B764300D5D640 /* Resources */,
			);
			buildRules = (
			);
			dependencies = (
			);
			name = PasswordGenerator;
			productName = PasswordGenerator;
			productReference = 1355B13A297B764300D5D640 /* PasswordGenerator.app */;
			productType = "com.apple.product-type.application";
		};
/* End PBXNativeTarget section */

/* Begin PBXProject section */
		1355B132297B764300D5D640 /* Project object */ = {
			isa = PBXProject;
			attributes = {
				BuildIndependentTargetsInParallel = 1;
				LastSwiftUpdateCheck = 1420;
				LastUpgradeCheck = 1420;
				TargetAttributes = {
					1355B139297B764300D5D640 = {
						CreatedOnToolsVersion = 14.2;
					};
				};
			};
			buildConfigurationList = 1355B135297B764300D5D640 /* Build configuration list for PBXProject "PasswordGenerator" */;
			compatibilityVersion = "Xcode 14.0";
			developmentRegion = en;
			hasScannedForEncodings = 0;
			knownRegions = (
				en,
				Base,
			);
			mainGroup = 1355B131297B764300D5D640;
			productRefGroup = 1355B13B297B764300D5D640 /* Products */;
			projectDirPath = "";
			projectRoot = "";
			targets = (
				1355B139297B764300D5D640 /* PasswordGenerator */,
			);
		};
/* End PBXProject section */

/* Begin PBXResourcesBuildPhase section */
		1355B138297B764300D5D640 /* Resources */ = {
			isa = PBXResourcesBuildPhase;
			buildActionMask = 2147483647;
			files = (
				1355B145297B764500D5D640 /* Preview Assets.xcassets in Resources */,
				1355B142297B764500D5D640 /* Assets.xcassets in Resources */,
			);
			runOnlyForDeploymentPostprocessing = 0;
		};
/* End PBXResourcesBuildPhase section */

/* Begin PBXSourcesBuildPhase section */
		1355B136297B764300D5D640 /* Sources */ = {
			isa = PBXSourcesBuildPhase;
			buildActionMask = 2147483647;
			files = (
				1355B15A297B8BC000D5D640 /* Passwords.swift in Sources */,
				1355B160297B99F200D5D640 /* Persistence.swift in Sources */,
				1355B140297B764300D5D640 /* ContentView.swift in Sources */,
				1355B14C297B7F6600D5D640 /* GeneratePassword.swift in Sources */,
				1355B155297B868F00D5D640 /* PasswordGenerator.xcdatamodeld in Sources */,
				1355B13E297B764300D5D640 /* PasswordGeneratorApp.swift in Sources */,
				1355B150297B83BB00D5D640 /* PasswordView.swift in Sources */,
				1355B15C297B8D6E00D5D640 /* PasswordRowView.swift in Sources */,
			);
			runOnlyForDeploymentPostprocessing = 0;
		};
/* End PBXSourcesBuildPhase section */

/* Begin XCBuildConfiguration section */
		1355B146297B764500D5D640 /* Debug */ = {
			isa = XCBuildConfiguration;
			buildSettings = {
				ALWAYS_SEARCH_USER_PATHS = NO;
				CLANG_ANALYZER_NONNULL = YES;
				CLANG_ANALYZER_NUMBER_OBJECT_CONVERSION = YES_AGGRESSIVE;
				CLANG_CXX_LANGUAGE_STANDARD = "gnu++20";
				CLANG_ENABLE_MODULES = YES;
				CLANG_ENABLE_OBJC_ARC = YES;
				CLANG_ENABLE_OBJC_WEAK = YES;
				CLANG_WARN_BLOCK_CAPTURE_AUTORELEASING = YES;
				CLANG_WARN_BOOL_CONVERSION = YES;
				CLANG_WARN_COMMA = YES;
				CLANG_WARN_CONSTANT_CONVERSION = YES;
				CLANG_WARN_DEPRECATED_OBJC_IMPLEMENTATIONS = YES;
				CLANG_WARN_DIRECT_OBJC_ISA_USAGE = YES_ERROR;
				CLANG_WARN_DOCUMENTATION_COMMENTS = YES;
				CLANG_WARN_EMPTY_BODY = YES;
				CLANG_WARN_ENUM_CONVERSION = YES;
				CLANG_WARN_INFINITE_RECURSION = YES;
				CLANG_WARN_INT_CONVERSION = YES;
				CLANG_WARN_NON_LITERAL_NULL_CONVERSION = YES;
				CLANG_WARN_OBJC_IMPLICIT_RETAIN_SELF = YES;
				CLANG_WARN_OBJC_LITERAL_CONVERSION = YES;
				CLANG_WARN_OBJC_ROOT_CLASS = YES_ERROR;
				CLANG_WARN_QUOTED_INCLUDE_IN_FRAMEWORK_HEADER = YES;
				CLANG_WARN_RANGE_LOOP_ANALYSIS = YES;
				CLANG_WARN_STRICT_PROTOTYPES = YES;
				CLANG_WARN_SUSPICIOUS_MOVE = YES;
				CLANG_WARN_UNGUARDED_AVAILABILITY = YES_AGGRESSIVE;
				CLANG_WARN_UNREACHABLE_CODE = YES;
				CLANG_WARN__DUPLICATE_METHOD_MATCH = YES;
				COPY_PHASE_STRIP = NO;
				DEBUG_INFORMATION_FORMAT = dwarf;
				ENABLE_STRICT_OBJC_MSGSEND = YES;
				ENABLE_TESTABILITY = YES;
				GCC_C_LANGUAGE_STANDARD = gnu11;
				GCC_DYNAMIC_NO_PIC = NO;
				GCC_NO_COMMON_BLOCKS = YES;
				GCC_OPTIMIZATION_LEVEL = 0;
				GCC_PREPROCESSOR_DEFINITIONS = (
					"DEBUG=1",
					"$(inherited)",
				);
				GCC_WARN_64_TO_32_BIT_CONVERSION = YES;
				GCC_WARN_ABOUT_RETURN_TYPE = YES_ERROR;
				GCC_WARN_UNDECLARED_SELECTOR = YES;
				GCC_WARN_UNINITIALIZED_AUTOS = YES_AGGRESSIVE;
				GCC_WARN_UNUSED_FUNCTION = YES;
				GCC_WARN_UNUSED_VARIABLE = YES;
				IPHONEOS_DEPLOYMENT_TARGET = 16.2;
				MTL_ENABLE_DEBUG_INFO = INCLUDE_SOURCE;
				MTL_FAST_MATH = YES;
				ONLY_ACTIVE_ARCH = YES;
				SDKROOT = iphoneos;
				SWIFT_ACTIVE_COMPILATION_CONDITIONS = DEBUG;
				SWIFT_OPTIMIZATION_LEVEL = "-Onone";
			};
			name = Debug;
		};
		1355B147297B764500D5D640 /* Release */ = {
			isa = XCBuildConfiguration;
			buildSettings = {
				ALWAYS_SEARCH_USER_PATHS = NO;
				CLANG_ANALYZER_NONNULL = YES;
				CLANG_ANALYZER_NUMBER_OBJECT_CONVERSION = YES_AGGRESSIVE;
				CLANG_CXX_LANGUAGE_STANDARD = "gnu++20";
				CLANG_ENABLE_MODULES = YES;
				CLANG_ENABLE_OBJC_ARC = YES;
				CLANG_ENABLE_OBJC_WEAK = YES;
				CLANG_WARN_BLOCK_CAPTURE_AUTORELEASING = YES;
				CLANG_WARN_BOOL_CONVERSION = YES;
				CLANG_WARN_COMMA = YES;
				CLANG_WARN_CONSTANT_CONVERSION = YES;
				CLANG_WARN_DEPRECATED_OBJC_IMPLEMENTATIONS = YES;
				CLANG_WARN_DIRECT_OBJC_ISA_USAGE = YES_ERROR;
				CLANG_WARN_DOCUMENTATION_COMMENTS = YES;
				CLANG_WARN_EMPTY_BODY = YES;
				CLANG_WARN_ENUM_CONVERSION = YES;
				CLANG_WARN_INFINITE_RECURSION = YES;
				CLANG_WARN_INT_CONVERSION = YES;
				CLANG_WARN_NON_LITERAL_NULL_CONVERSION = YES;
				CLANG_WARN_OBJC_IMPLICIT_RETAIN_SELF = YES;
				CLANG_WARN_OBJC_LITERAL_CONVERSION = YES;
				CLANG_WARN_OBJC_ROOT_CLASS = YES_ERROR;
				CLANG_WARN_QUOTED_INCLUDE_IN_FRAMEWORK_HEADER = YES;
				CLANG_WARN_RANGE_LOOP_ANALYSIS = YES;
				CLANG_WARN_STRICT_PROTOTYPES = YES;
				CLANG_WARN_SUSPICIOUS_MOVE = YES;
				CLANG_WARN_UNGUARDED_AVAILABILITY = YES_AGGRESSIVE;
				CLANG_WARN_UNREACHABLE_CODE = YES;
				CLANG_WARN__DUPLICATE_METHOD_MATCH = YES;
				COPY_PHASE_STRIP = NO;
				DEBUG_INFORMATION_FORMAT = "dwarf-with-dsym";
				ENABLE_NS_ASSERTIONS = NO;
				ENABLE_STRICT_OBJC_MSGSEND = YES;
				GCC_C_LANGUAGE_STANDARD = gnu11;
				GCC_NO_COMMON_BLOCKS = YES;
				GCC_WARN_64_TO_32_BIT_CONVERSION = YES;
				GCC_WARN_ABOUT_RETURN_TYPE = YES_ERROR;
				GCC_WARN_UNDECLARED_SELECTOR = YES;
				GCC_WARN_UNINITIALIZED_AUTOS = YES_AGGRESSIVE;
				GCC_WARN_UNUSED_FUNCTION = YES;
				GCC_WARN_UNUSED_VARIABLE = YES;
				IPHONEOS_DEPLOYMENT_TARGET = 16.2;
				MTL_ENABLE_DEBUG_INFO = NO;
				MTL_FAST_MATH = YES;
				SDKROOT = iphoneos;
				SWIFT_COMPILATION_MODE = wholemodule;
				SWIFT_OPTIMIZATION_LEVEL = "-O";
				VALIDATE_PRODUCT = YES;
			};
			name = Release;
		};
		1355B149297B764500D5D640 /* Debug */ = {
			isa = XCBuildConfiguration;
			buildSettings = {
				ASSETCATALOG_COMPILER_APPICON_NAME = AppIcon;
				ASSETCATALOG_COMPILER_GLOBAL_ACCENT_COLOR_NAME = AccentColor;
				CODE_SIGN_STYLE = Automatic;
				CURRENT_PROJECT_VERSION = 1;
				DEVELOPMENT_ASSET_PATHS = "\"PasswordGenerator/Preview Content\"";
				DEVELOPMENT_TEAM = Y8NYA4T739;
				ENABLE_PREVIEWS = YES;
				GENERATE_INFOPLIST_FILE = YES;
				INFOPLIST_KEY_CFBundleDisplayName = PassGenerator;
				INFOPLIST_KEY_LSApplicationCategoryType = "public.app-category.utilities";
				INFOPLIST_KEY_UIApplicationSceneManifest_Generation = YES;
				INFOPLIST_KEY_UIApplicationSupportsIndirectInputEvents = YES;
				INFOPLIST_KEY_UILaunchScreen_Generation = YES;
				INFOPLIST_KEY_UISupportedInterfaceOrientations_iPad = "UIInterfaceOrientationPortrait UIInterfaceOrientationPortraitUpsideDown UIInterfaceOrientationLandscapeLeft UIInterfaceOrientationLandscapeRight";
				INFOPLIST_KEY_UISupportedInterfaceOrientations_iPhone = "UIInterfaceOrientationPortrait UIInterfaceOrientationLandscapeLeft UIInterfaceOrientationLandscapeRight";
				LD_RUNPATH_SEARCH_PATHS = (
					"$(inherited)",
					"@executable_path/Frameworks",
				);
				MARKETING_VERSION = 1.0;
				PRODUCT_BUNDLE_IDENTIFIER = com.Rojisoso.PasswordGenerator;
				PRODUCT_NAME = "$(TARGET_NAME)";
				SWIFT_EMIT_LOC_STRINGS = YES;
				SWIFT_VERSION = 5.0;
				TARGETED_DEVICE_FAMILY = "1,2";
			};
			name = Debug;
		};
		1355B14A297B764500D5D640 /* Release */ = {
			isa = XCBuildConfiguration;
			buildSettings = {
				ASSETCATALOG_COMPILER_APPICON_NAME = AppIcon;
				ASSETCATALOG_COMPILER_GLOBAL_ACCENT_COLOR_NAME = AccentColor;
				CODE_SIGN_STYLE = Automatic;
				CURRENT_PROJECT_VERSION = 1;
				DEVELOPMENT_ASSET_PATHS = "\"PasswordGenerator/Preview Content\"";
				DEVELOPMENT_TEAM = Y8NYA4T739;
				ENABLE_PREVIEWS = YES;
				GENERATE_INFOPLIST_FILE = YES;
				INFOPLIST_KEY_CFBundleDisplayName = PassGenerator;
				INFOPLIST_KEY_LSApplicationCategoryType = "public.app-category.utilities";
				INFOPLIST_KEY_UIApplicationSceneManifest_Generation = YES;
				INFOPLIST_KEY_UIApplicationSupportsIndirectInputEvents = YES;
				INFOPLIST_KEY_UILaunchScreen_Generation = YES;
				INFOPLIST_KEY_UISupportedInterfaceOrientations_iPad = "UIInterfaceOrientationPortrait UIInterfaceOrientationPortraitUpsideDown UIInterfaceOrientationLandscapeLeft UIInterfaceOrientationLandscapeRight";
				INFOPLIST_KEY_UISupportedInterfaceOrientations_iPhone = "UIInterfaceOrientationPortrait UIInterfaceOrientationLandscapeLeft UIInterfaceOrientationLandscapeRight";
				LD_RUNPATH_SEARCH_PATHS = (
					"$(inherited)",
					"@executable_path/Frameworks",
				);
				MARKETING_VERSION = 1.0;
				PRODUCT_BUNDLE_IDENTIFIER = com.Rojisoso.PasswordGenerator;
				PRODUCT_NAME = "$(TARGET_NAME)";
				SWIFT_EMIT_LOC_STRINGS = YES;
				SWIFT_VERSION = 5.0;
				TARGETED_DEVICE_FAMILY = "1,2";
			};
			name = Release;
		};
/* End XCBuildConfiguration section */

/* Begin XCConfigurationList section */
		1355B135297B764300D5D640 /* Build configuration list for PBXProject "PasswordGenerator" */ = {
			isa = XCConfigurationList;
			buildConfigurations = (
				1355B146297B764500D5D640 /* Debug */,
				1355B147297B764500D5D640 /* Release */,
			);
			defaultConfigurationIsVisible = 0;
			defaultConfigurationName = Release;
		};
		1355B148297B764500D5D640 /* Build configuration list for PBXNativeTarget "PasswordGenerator" */ = {
			isa = XCConfigurationList;
			buildConfigurations = (
				1355B149297B764500D5D640 /* Debug */,
				1355B14A297B764500D5D640 /* Release */,
			);
			defaultConfigurationIsVisible = 0;
			defaultConfigurationName = Release;
		};
/* End XCConfigurationList section */

/* Begin XCVersionGroup section */
		1355B153297B868F00D5D640 /* PasswordGenerator.xcdatamodeld */ = {
			isa = XCVersionGroup;
			children = (
				1355B154297B868F00D5D640 /* PasswordData.xcdatamodel */,
			);
			currentVersion = 1355B154297B868F00D5D640 /* PasswordData.xcdatamodel */;
			path = PasswordGenerator.xcdatamodeld;
			sourceTree = "<group>";
			versionGroupType = wrapper.xcdatamodel;
		};
/* End XCVersionGroup section */
	};
	rootObject = 1355B132297B764300D5D640 /* Project object */;
}
